
Microsoft Visual Studio Solution File, Format Version 12.00
# Visual Studio Version 16
VisualStudioVersion = 16.0.32901.82
MinimumVisualStudioVersion = 10.0.40219.1
Project("{FAE04EC0-301F-11D3-BF4B-00C04F79EFBC}") = "TD_d8b95y_het4", "TD_d8b95y_het4\TD_d8b95y_het4.csproj", "{EAF6ADEC-6253-4949-9213-E1E96C74636D}"
EndProject
Global
	GlobalSection(SolutionConfigurationPlatforms) = preSolution
		Debug|Any CPU = Debug|Any CPU
		Release|Any CPU = Release|Any CPU
	EndGlobalSection
	GlobalSection(ProjectConfigurationPlatforms) = postSolution
		{EAF6ADEC-6253-4949-9213-E1E96C74636D}.Debug|Any CPU.ActiveCfg = Debug|Any CPU
		{EAF6ADEC-6253-4949-9213-E1E96C74636D}.Debug|Any CPU.Build.0 = Debug|Any CPU
		{EAF6ADEC-6253-4949-9213-E1E96C74636D}.Release|Any CPU.ActiveCfg = Release|Any CPU
		{EAF6ADEC-6253-4949-9213-E1E96C74636D}.Release|Any CPU.Build.0 = Release|Any CPU
	EndGlobalSection
	GlobalSection(SolutionProperties) = preSolution
		HideSolutionNode = FALSE
	EndGlobalSection
	GlobalSection(ExtensibilityGlobals) = postSolution
		SolutionGuid = {7A40D3E4-5362-42DD-A131-66E8834DE4C4}
	EndGlobalSection
EndGlobal
