
Microsoft Visual Studio Solution File, Format Version 12.00
# Visual Studio Version 16
VisualStudioVersion = 16.0.32901.82
MinimumVisualStudioVersion = 10.0.40219.1
Project("{FAE04EC0-301F-11D3-BF4B-00C04F79EFBC}") = "WindowsFormsApp1", "WindowsFormsApp1\WindowsFormsApp1.csproj", "{EEB6D72A-029C-4628-B49C-E5A8270F4069}"
EndProject
Global
	GlobalSection(SolutionConfigurationPlatforms) = preSolution
		Debug|Any CPU = Debug|Any CPU
		Release|Any CPU = Release|Any CPU
	EndGlobalSection
	GlobalSection(ProjectConfigurationPlatforms) = postSolution
		{EEB6D72A-029C-4628-B49C-E5A8270F4069}.Debug|Any CPU.ActiveCfg = Debug|Any CPU
		{EEB6D72A-029C-4628-B49C-E5A8270F4069}.Debug|Any CPU.Build.0 = Debug|Any CPU
		{EEB6D72A-029C-4628-B49C-E5A8270F4069}.Release|Any CPU.ActiveCfg = Release|Any CPU
		{EEB6D72A-029C-4628-B49C-E5A8270F4069}.Release|Any CPU.Build.0 = Release|Any CPU
	EndGlobalSection
	GlobalSection(SolutionProperties) = preSolution
		HideSolutionNode = FALSE
	EndGlobalSection
	GlobalSection(ExtensibilityGlobals) = postSolution
		SolutionGuid = {D40A1738-CAC8-47C4-80F3-1ADDC9D7B2A0}
	EndGlobalSection
EndGlobal
